// !$*UTF8*$!
{
	archiveVersion = 1;
	classes = {
	};
	objectVersion = 50;
	objects = {

/* Begin PBXBuildFile section */
		500474FD20EA17C60010773A /* func.list in Resources */ = {isa = PBXBuildFile; fileRef = 500474FB20EA17C60010773A /* func.list */; };
		500474FE20EA17C60010773A /* confuse.sh in Resources */ = {isa = PBXBuildFile; fileRef = 500474FC20EA17C60010773A /* confuse.sh */; };
		50D68C1020E611A200983728 /* AppDelegate.m in Sources */ = {isa = PBXBuildFile; fileRef = 50D68C0F20E611A200983728 /* AppDelegate.m */; };
		50D68C1320E611A200983728 /* ViewController.m in Sources */ = {isa = PBXBuildFile; fileRef = 50D68C1220E611A200983728 /* ViewController.m */; };
		50D68C1620E611A200983728 /* Main.storyboard in Resources */ = {isa = PBXBuildFile; fileRef = 50D68C1420E611A200983728 /* Main.storyboard */; };
		50D68C1820E611A300983728 /* Assets.xcassets in Resources */ = {isa = PBXBuildFile; fileRef = 50D68C1720E611A300983728 /* Assets.xcassets */; };
		50D68C1B20E611A300983728 /* LaunchScreen.storyboard in Resources */ = {isa = PBXBuildFile; fileRef = 50D68C1920E611A300983728 /* LaunchScreen.storyboard */; };
		50D68C1E20E611A300983728 /* main.m in Sources */ = {isa = PBXBuildFile; fileRef = 50D68C1D20E611A300983728 /* main.m */; };
/* End PBXBuildFile section */

/* Begin PBXFileReference section */
		500474FB20EA17C60010773A /* func.list */ = {isa = PBXFileReference; fileEncoding = 4; lastKnownFileType = text; path = func.list; sourceTree = "<group>"; };
		500474FC20EA17C60010773A /* confuse.sh */ = {isa = PBXFileReference; fileEncoding = 4; lastKnownFileType = text.script.sh; path = confuse.sh; sourceTree = "<group>"; };
		50D68C0B20E611A200983728 /* 代码混淆.app */ = {isa = PBXFileReference; explicitFileType = wrapper.application; includeInIndex = 0; path = "代码混淆.app"; sourceTree = BUILT_PRODUCTS_DIR; };
		50D68C0E20E611A200983728 /* AppDelegate.h */ = {isa = PBXFileReference; lastKnownFileType = sourcecode.c.h; path = AppDelegate.h; sourceTree = "<group>"; };
		50D68C0F20E611A200983728 /* AppDelegate.m */ = {isa = PBXFileReference; lastKnownFileType = sourcecode.c.objc; path = AppDelegate.m; sourceTree = "<group>"; };
		50D68C1120E611A200983728 /* ViewController.h */ = {isa = PBXFileReference; lastKnownFileType = sourcecode.c.h; path = ViewController.h; sourceTree = "<group>"; };
		50D68C1220E611A200983728 /* ViewController.m */ = {isa = PBXFileReference; lastKnownFileType = sourcecode.c.objc; path = ViewController.m; sourceTree = "<group>"; };
		50D68C1520E611A200983728 /* Base */ = {isa = PBXFileReference; lastKnownFileType = file.storyboard; name = Base; path = Base.lproj/Main.storyboard; sourceTree = "<group>"; };
		50D68C1720E611A300983728 /* Assets.xcassets */ = {isa = PBXFileReference; lastKnownFileType = folder.assetcatalog; path = Assets.xcassets; sourceTree = "<group>"; };
		50D68C1A20E611A300983728 /* Base */ = {isa = PBXFileReference; lastKnownFileType = file.storyboard; name = Base; path = Base.lproj/LaunchScreen.storyboard; sourceTree = "<group>"; };
		50D68C1C20E611A300983728 /* Info.plist */ = {isa = PBXFileReference; lastKnownFileType = text.plist.xml; path = Info.plist; sourceTree = "<group>"; };
		50D68C1D20E611A300983728 /* main.m */ = {isa = PBXFileReference; lastKnownFileType = sourcecode.c.objc; path = main.m; sourceTree = "<group>"; };
		50D68C2420E611BF00983728 /* PrefixHeader.pch */ = {isa = PBXFileReference; lastKnownFileType = sourcecode.c.h; path = PrefixHeader.pch; sourceTree = "<group>"; };
/* End PBXFileReference section */

/* Begin PBXFrameworksBuildPhase section */
		50D68C0820E611A200983728 /* Frameworks */ = {
			isa = PBXFrameworksBuildPhase;
			buildActionMask = 2147483647;
			files = (
			);
			runOnlyForDeploymentPostprocessing = 0;
		};
/* End PBXFrameworksBuildPhase section */

/* Begin PBXGroup section */
		50D68C0220E611A200983728 = {
			isa = PBXGroup;
			children = (
				500474FC20EA17C60010773A /* confuse.sh */,
				500474FB20EA17C60010773A /* func.list */,
				50D68C0D20E611A200983728 /* 代码混淆 */,
				50D68C0C20E611A200983728 /* Products */,
			);
			sourceTree = "<group>";
		};
		50D68C0C20E611A200983728 /* Products */ = {
			isa = PBXGroup;
			children = (
				50D68C0B20E611A200983728 /* 代码混淆.app */,
			);
			name = Products;
			sourceTree = "<group>";
		};
		50D68C0D20E611A200983728 /* 代码混淆 */ = {
			isa = PBXGroup;
			children = (
				50D68C0E20E611A200983728 /* AppDelegate.h */,
				50D68C0F20E611A200983728 /* AppDelegate.m */,
				50D68C1120E611A200983728 /* ViewController.h */,
				50D68C1220E611A200983728 /* ViewController.m */,
				50D68C1420E611A200983728 /* Main.storyboard */,
				50D68C1720E611A300983728 /* Assets.xcassets */,
				50D68C1920E611A300983728 /* LaunchScreen.storyboard */,
				50D68C1C20E611A300983728 /* Info.plist */,
				50D68C1D20E611A300983728 /* main.m */,
				50D68C2420E611BF00983728 /* PrefixHeader.pch */,
			);
			path = "代码混淆";
			sourceTree = "<group>";
		};
/* End PBXGroup section */

/* Begin PBXNativeTarget section */
		50D68C0A20E611A200983728 /* 代码混淆 */ = {
			isa = PBXNativeTarget;
			buildConfigurationList = 50D68C2120E611A300983728 /* Build configuration list for PBXNativeTarget "代码混淆" */;
			buildPhases = (
				50D68C0720E611A200983728 /* Sources */,
				50D68C0820E611A200983728 /* Frameworks */,
				50D68C0920E611A200983728 /* Resources */,
				50D68C2920E612E200983728 /* ShellScript */,
			);
			buildRules = (
			);
			dependencies = (
			);
			name = "代码混淆";
			productName = "代码混淆";
			productReference = 50D68C0B20E611A200983728 /* 代码混淆.app */;
			productType = "com.apple.product-type.application";
		};
/* End PBXNativeTarget section */

/* Begin PBXProject section */
		50D68C0320E611A200983728 /* Project object */ = {
			isa = PBXProject;
			attributes = {
				LastUpgradeCheck = 0940;
				ORGANIZATIONNAME = "舒通";
				TargetAttributes = {
					50D68C0A20E611A200983728 = {
						CreatedOnToolsVersion = 9.4.1;
					};
				};
			};
			buildConfigurationList = 50D68C0620E611A200983728 /* Build configuration list for PBXProject "代码混淆" */;
			compatibilityVersion = "Xcode 9.3";
			developmentRegion = en;
			hasScannedForEncodings = 0;
			knownRegions = (
				en,
				Base,
			);
			mainGroup = 50D68C0220E611A200983728;
			productRefGroup = 50D68C0C20E611A200983728 /* Products */;
			projectDirPath = "";
			projectRoot = "";
			targets = (
				50D68C0A20E611A200983728 /* 代码混淆 */,
			);
		};
/* End PBXProject section */

/* Begin PBXResourcesBuildPhase section */
		50D68C0920E611A200983728 /* Resources */ = {
			isa = PBXResourcesBuildPhase;
			buildActionMask = 2147483647;
			files = (
				50D68C1B20E611A300983728 /* LaunchScreen.storyboard in Resources */,
				50D68C1820E611A300983728 /* Assets.xcassets in Resources */,
				50D68C1620E611A200983728 /* Main.storyboard in Resources */,
				500474FD20EA17C60010773A /* func.list in Resources */,
				500474FE20EA17C60010773A /* confuse.sh in Resources */,
			);
			runOnlyForDeploymentPostprocessing = 0;
		};
/* End PBXResourcesBuildPhase section */

/* Begin PBXShellScriptBuildPhase section */
		50D68C2920E612E200983728 /* ShellScript */ = {
			isa = PBXShellScriptBuildPhase;
			buildActionMask = 2147483647;
			files = (
			);
			inputPaths = (
			);
			outputPaths = (
			);
			runOnlyForDeploymentPostprocessing = 0;
			shellPath = /bin/sh;
			shellScript = $PROJECT_DIR/confuse.sh;
		};
/* End PBXShellScriptBuildPhase section */

/* Begin PBXSourcesBuildPhase section */
		50D68C0720E611A200983728 /* Sources */ = {
			isa = PBXSourcesBuildPhase;
			buildActionMask = 2147483647;
			files = (
				50D68C1320E611A200983728 /* ViewController.m in Sources */,
				50D68C1E20E611A300983728 /* main.m in Sources */,
				50D68C1020E611A200983728 /* AppDelegate.m in Sources */,
			);
			runOnlyForDeploymentPostprocessing = 0;
		};
/* End PBXSourcesBuildPhase section */

/* Begin PBXVariantGroup section */
		50D68C1420E611A200983728 /* Main.storyboard */ = {
			isa = PBXVariantGroup;
			children = (
				50D68C1520E611A200983728 /* Base */,
			);
			name = Main.storyboard;
			sourceTree = "<group>";
		};
		50D68C1920E611A300983728 /* LaunchScreen.storyboard */ = {
			isa = PBXVariantGroup;
			children = (
				50D68C1A20E611A300983728 /* Base */,
			);
			name = LaunchScreen.storyboard;
			sourceTree = "<group>";
		};
/* End PBXVariantGroup section */

/* Begin XCBuildConfiguration section */
		50D68C1F20E611A300983728 /* Debug */ = {
			isa = XCBuildConfiguration;
			buildSettings = {
				ALWAYS_SEARCH_USER_PATHS = NO;
				CLANG_ANALYZER_NONNULL = YES;
				CLANG_ANALYZER_NUMBER_OBJECT_CONVERSION = YES_AGGRESSIVE;
				CLANG_CXX_LANGUAGE_STANDARD = "gnu++14";
				CLANG_CXX_LIBRARY = "libc++";
				CLANG_ENABLE_MODULES = YES;
				CLANG_ENABLE_OBJC_ARC = YES;
				CLANG_ENABLE_OBJC_WEAK = YES;
				CLANG_WARN_BLOCK_CAPTURE_AUTORELEASING = YES;
				CLANG_WARN_BOOL_CONVERSION = YES;
				CLANG_WARN_COMMA = YES;
				CLANG_WARN_CONSTANT_CONVERSION = YES;
				CLANG_WARN_DEPRECATED_OBJC_IMPLEMENTATIONS = YES;
				CLANG_WARN_DIRECT_OBJC_ISA_USAGE = YES_ERROR;
				CLANG_WARN_DOCUMENTATION_COMMENTS = YES;
				CLANG_WARN_EMPTY_BODY = YES;
				CLANG_WARN_ENUM_CONVERSION = YES;
				CLANG_WARN_INFINITE_RECURSION = YES;
				CLANG_WARN_INT_CONVERSION = YES;
				CLANG_WARN_NON_LITERAL_NULL_CONVERSION = YES;
				CLANG_WARN_OBJC_IMPLICIT_RETAIN_SELF = YES;
				CLANG_WARN_OBJC_LITERAL_CONVERSION = YES;
				CLANG_WARN_OBJC_ROOT_CLASS = YES_ERROR;
				CLANG_WARN_RANGE_LOOP_ANALYSIS = YES;
				CLANG_WARN_STRICT_PROTOTYPES = YES;
				CLANG_WARN_SUSPICIOUS_MOVE = YES;
				CLANG_WARN_UNGUARDED_AVAILABILITY = YES_AGGRESSIVE;
				CLANG_WARN_UNREACHABLE_CODE = YES;
				CLANG_WARN__DUPLICATE_METHOD_MATCH = YES;
				CODE_SIGN_IDENTITY = "iPhone Developer";
				COPY_PHASE_STRIP = NO;
				DEBUG_INFORMATION_FORMAT = dwarf;
				ENABLE_STRICT_OBJC_MSGSEND = YES;
				ENABLE_TESTABILITY = YES;
				GCC_C_LANGUAGE_STANDARD = gnu11;
				GCC_DYNAMIC_NO_PIC = NO;
				GCC_NO_COMMON_BLOCKS = YES;
				GCC_OPTIMIZATION_LEVEL = 0;
				GCC_PREPROCESSOR_DEFINITIONS = (
					"DEBUG=1",
					"$(inherited)",
				);
				GCC_WARN_64_TO_32_BIT_CONVERSION = YES;
				GCC_WARN_ABOUT_RETURN_TYPE = YES_ERROR;
				GCC_WARN_UNDECLARED_SELECTOR = YES;
				GCC_WARN_UNINITIALIZED_AUTOS = YES_AGGRESSIVE;
				GCC_WARN_UNUSED_FUNCTION = YES;
				GCC_WARN_UNUSED_VARIABLE = YES;
				IPHONEOS_DEPLOYMENT_TARGET = 11.4;
				MTL_ENABLE_DEBUG_INFO = YES;
				ONLY_ACTIVE_ARCH = YES;
				SDKROOT = iphoneos;
			};
			name = Debug;
		};
		50D68C2020E611A300983728 /* Release */ = {
			isa = XCBuildConfiguration;
			buildSettings = {
				ALWAYS_SEARCH_USER_PATHS = NO;
				CLANG_ANALYZER_NONNULL = YES;
				CLANG_ANALYZER_NUMBER_OBJECT_CONVERSION = YES_AGGRESSIVE;
				CLANG_CXX_LANGUAGE_STANDARD = "gnu++14";
				CLANG_CXX_LIBRARY = "libc++";
				CLANG_ENABLE_MODULES = YES;
				CLANG_ENABLE_OBJC_ARC = YES;
				CLANG_ENABLE_OBJC_WEAK = YES;
				CLANG_WARN_BLOCK_CAPTURE_AUTORELEASING = YES;
				CLANG_WARN_BOOL_CONVERSION = YES;
				CLANG_WARN_COMMA = YES;
				CLANG_WARN_CONSTANT_CONVERSION = YES;
				CLANG_WARN_DEPRECATED_OBJC_IMPLEMENTATIONS = YES;
				CLANG_WARN_DIRECT_OBJC_ISA_USAGE = YES_ERROR;
				CLANG_WARN_DOCUMENTATION_COMMENTS = YES;
				CLANG_WARN_EMPTY_BODY = YES;
				CLANG_WARN_ENUM_CONVERSION = YES;
				CLANG_WARN_INFINITE_RECURSION = YES;
				CLANG_WARN_INT_CONVERSION = YES;
				CLANG_WARN_NON_LITERAL_NULL_CONVERSION = YES;
				CLANG_WARN_OBJC_IMPLICIT_RETAIN_SELF = YES;
				CLANG_WARN_OBJC_LITERAL_CONVERSION = YES;
				CLANG_WARN_OBJC_ROOT_CLASS = YES_ERROR;
				CLANG_WARN_RANGE_LOOP_ANALYSIS = YES;
				CLANG_WARN_STRICT_PROTOTYPES = YES;
				CLANG_WARN_SUSPICIOUS_MOVE = YES;
				CLANG_WARN_UNGUARDED_AVAILABILITY = YES_AGGRESSIVE;
				CLANG_WARN_UNREACHABLE_CODE = YES;
				CLANG_WARN__DUPLICATE_METHOD_MATCH = YES;
				CODE_SIGN_IDENTITY = "iPhone Developer";
				COPY_PHASE_STRIP = NO;
				DEBUG_INFORMATION_FORMAT = "dwarf-with-dsym";
				ENABLE_NS_ASSERTIONS = NO;
				ENABLE_STRICT_OBJC_MSGSEND = YES;
				GCC_C_LANGUAGE_STANDARD = gnu11;
				GCC_NO_COMMON_BLOCKS = YES;
				GCC_WARN_64_TO_32_BIT_CONVERSION = YES;
				GCC_WARN_ABOUT_RETURN_TYPE = YES_ERROR;
				GCC_WARN_UNDECLARED_SELECTOR = YES;
				GCC_WARN_UNINITIALIZED_AUTOS = YES_AGGRESSIVE;
				GCC_WARN_UNUSED_FUNCTION = YES;
				GCC_WARN_UNUSED_VARIABLE = YES;
				IPHONEOS_DEPLOYMENT_TARGET = 11.4;
				MTL_ENABLE_DEBUG_INFO = NO;
				SDKROOT = iphoneos;
				VALIDATE_PRODUCT = YES;
			};
			name = Release;
		};
		50D68C2220E611A300983728 /* Debug */ = {
			isa = XCBuildConfiguration;
			buildSettings = {
				ASSETCATALOG_COMPILER_APPICON_NAME = AppIcon;
				CODE_SIGN_STYLE = Automatic;
				DEVELOPMENT_TEAM = 6WM42K6FYT;
				GCC_PRECOMPILE_PREFIX_HEADER = YES;
				GCC_PREFIX_HEADER = "$(SRCROOT)/代码混淆/PrefixHeader.pch";
				INFOPLIST_FILE = "代码混淆/Info.plist";
				IPHONEOS_DEPLOYMENT_TARGET = 8.0;
				LD_RUNPATH_SEARCH_PATHS = (
					"$(inherited)",
					"@executable_path/Frameworks",
				);
				PRODUCT_BUNDLE_IDENTIFIER = "com.shutong.----";
				PRODUCT_NAME = "$(TARGET_NAME)";
				TARGETED_DEVICE_FAMILY = "1,2";
			};
			name = Debug;
		};
		50D68C2320E611A300983728 /* Release */ = {
			isa = XCBuildConfiguration;
			buildSettings = {
				ASSETCATALOG_COMPILER_APPICON_NAME = AppIcon;
				CODE_SIGN_STYLE = Automatic;
				DEVELOPMENT_TEAM = 6WM42K6FYT;
				GCC_PRECOMPILE_PREFIX_HEADER = YES;
				GCC_PREFIX_HEADER = "$(SRCROOT)/代码混淆/PrefixHeader.pch";
				INFOPLIST_FILE = "代码混淆/Info.plist";
				IPHONEOS_DEPLOYMENT_TARGET = 8.0;
				LD_RUNPATH_SEARCH_PATHS = (
					"$(inherited)",
					"@executable_path/Frameworks",
				);
				PRODUCT_BUNDLE_IDENTIFIER = "com.shutong.----";
				PRODUCT_NAME = "$(TARGET_NAME)";
				TARGETED_DEVICE_FAMILY = "1,2";
			};
			name = Release;
		};
/* End XCBuildConfiguration section */

/* Begin XCConfigurationList section */
		50D68C0620E611A200983728 /* Build configuration list for PBXProject "代码混淆" */ = {
			isa = XCConfigurationList;
			buildConfigurations = (
				50D68C1F20E611A300983728 /* Debug */,
				50D68C2020E611A300983728 /* Release */,
			);
			defaultConfigurationIsVisible = 0;
			defaultConfigurationName = Release;
		};
		50D68C2120E611A300983728 /* Build configuration list for PBXNativeTarget "代码混淆" */ = {
			isa = XCConfigurationList;
			buildConfigurations = (
				50D68C2220E611A300983728 /* Debug */,
				50D68C2320E611A300983728 /* Release */,
			);
			defaultConfigurationIsVisible = 0;
			defaultConfigurationName = Release;
		};
/* End XCConfigurationList section */
	};
	rootObject = 50D68C0320E611A200983728 /* Project object */;
}
